
Microsoft Visual Studio Solution File, Format Version 12.00
# Visual Studio 15
VisualStudioVersion = 15.0.27825.0
MinimumVisualStudioVersion = 10.0.40219.1
Project("{FAE04EC0-301F-11D3-BF4B-00C04F79EFBC}") = "XORCrypt", "XORCrypt\XORCrypt.csproj", "{44843194-8647-4977-8691-D18396DD4C99}"
EndProject
Global
	GlobalSection(SolutionConfigurationPlatforms) = preSolution
		Debug|Any CPU = Debug|Any CPU
		Release|Any CPU = Release|Any CPU
	EndGlobalSection
	GlobalSection(ProjectConfigurationPlatforms) = postSolution
		{44843194-8647-4977-8691-D18396DD4C99}.Debug|Any CPU.ActiveCfg = Debug|Any CPU
		{44843194-8647-4977-8691-D18396DD4C99}.Debug|Any CPU.Build.0 = Debug|Any CPU
		{44843194-8647-4977-8691-D18396DD4C99}.Release|Any CPU.ActiveCfg = Release|Any CPU
		{44843194-8647-4977-8691-D18396DD4C99}.Release|Any CPU.Build.0 = Release|Any CPU
	EndGlobalSection
	GlobalSection(SolutionProperties) = preSolution
		HideSolutionNode = FALSE
	EndGlobalSection
	GlobalSection(ExtensibilityGlobals) = postSolution
		SolutionGuid = {534E7E8A-D790-4C73-A6F8-AA8BA5C53B1F}
	EndGlobalSection
EndGlobal
